{"is_source_file": false, "format": "", "description": "", "external_files": [], "external_methods": [], "published": [], "classes": [], "methods": [], "calls": [], "search-terms": [], "state": 2, "file_id": 27, "knowledge_revision": 163, "git_revision": "", "hash": "11e58ab86c06325ef0c151cc0208dc60", "format-version": 4, "code-base-name": "default", "filename": "note_ease/macos/Runner.xcodeproj/project.pbxproj", "revision_history": [{"163": ""}]}