{"is_source_file": false, "format": "", "description": "", "external_files": [], "external_methods": [], "published": [], "classes": [], "methods": [], "calls": [], "search-terms": [], "state": 2, "file_id": 26, "knowledge_revision": 161, "git_revision": "", "hash": "7a77df59236c2155161e7cf2654c6597", "format-version": 4, "code-base-name": "default", "filename": "note_ease/macos/Runner.xcodeproj/xcshareddata/xcschemes/Runner.xcscheme", "revision_history": [{"161": ""}]}