{"is_source_file": false, "format": "", "description": "", "external_files": [], "external_methods": [], "published": [], "classes": [], "methods": [], "calls": [], "search-terms": [], "state": 2, "file_id": 131, "knowledge_revision": 268, "git_revision": "", "hash": "389806c1d652ee4a7e177f847410d0a1", "format-version": 4, "code-base-name": "default", "filename": "note_ease/ios/Runner.xcodeproj/project.pbxproj", "revision_history": [{"268": ""}]}